
Microsoft Visual Studio Solution File, Format Version 12.00
# Visual Studio 15
VisualStudioVersion = 15.0.27428.2027
MinimumVisualStudioVersion = 10.0.40219.1
Project("{FAE04EC0-301F-11D3-BF4B-00C04F79EFBC}") = "AppDilmah.Android", "AppDilmah\AppDilmah.Android\AppDilmah.Android.csproj", "{22369799-BFCE-4942-96C4-57EE8A13A6EC}"
EndProject
Project("{FAE04EC0-301F-11D3-BF4B-00C04F79EFBC}") = "AppDilmah.iOS", "AppDilmah\AppDilmah.iOS\AppDilmah.iOS.csproj", "{0C8AB714-B456-4D3A-8E2B-B40574D46F93}"
EndProject
Project("{FAE04EC0-301F-11D3-BF4B-00C04F79EFBC}") = "AppDilmah.UWP", "AppDilmah\AppDilmah.UWP\AppDilmah.UWP.csproj", "{057BF915-A886-4CDF-9B56-A22D36BEACBE}"
EndProject
Project("{FAE04EC0-301F-11D3-BF4B-00C04F79EFBC}") = "AppDilmah", "AppDilmah\AppDilmah\AppDilmah.csproj", "{CD4670E2-E040-4EED-BCE4-62B8F4FA05C7}"
EndProject
Global
	GlobalSection(SolutionConfigurationPlatforms) = preSolution
		Ad-Hoc|Any CPU = Ad-Hoc|Any CPU
		Ad-Hoc|ARM = Ad-Hoc|ARM
		Ad-Hoc|iPhone = Ad-Hoc|iPhone
		Ad-Hoc|iPhoneSimulator = Ad-Hoc|iPhoneSimulator
		Ad-Hoc|x64 = Ad-Hoc|x64
		Ad-Hoc|x86 = Ad-Hoc|x86
		AppStore|Any CPU = AppStore|Any CPU
		AppStore|ARM = AppStore|ARM
		AppStore|iPhone = AppStore|iPhone
		AppStore|iPhoneSimulator = AppStore|iPhoneSimulator
		AppStore|x64 = AppStore|x64
		AppStore|x86 = AppStore|x86
		Debug|Any CPU = Debug|Any CPU
		Debug|ARM = Debug|ARM
		Debug|iPhone = Debug|iPhone
		Debug|iPhoneSimulator = Debug|iPhoneSimulator
		Debug|x64 = Debug|x64
		Debug|x86 = Debug|x86
		Release|Any CPU = Release|Any CPU
		Release|ARM = Release|ARM
		Release|iPhone = Release|iPhone
		Release|iPhoneSimulator = Release|iPhoneSimulator
		Release|x64 = Release|x64
		Release|x86 = Release|x86
	EndGlobalSection
	GlobalSection(ProjectConfigurationPlatforms) = postSolution
		{22369799-BFCE-4942-96C4-57EE8A13A6EC}.Ad-Hoc|Any CPU.ActiveCfg = Release|Any CPU
		{22369799-BFCE-4942-96C4-57EE8A13A6EC}.Ad-Hoc|Any CPU.Build.0 = Release|Any CPU
		{22369799-BFCE-4942-96C4-57EE8A13A6EC}.Ad-Hoc|Any CPU.Deploy.0 = Release|Any CPU
		{22369799-BFCE-4942-96C4-57EE8A13A6EC}.Ad-Hoc|ARM.ActiveCfg = Release|Any CPU
		{22369799-BFCE-4942-96C4-57EE8A13A6EC}.Ad-Hoc|ARM.Build.0 = Release|Any CPU
		{22369799-BFCE-4942-96C4-57EE8A13A6EC}.Ad-Hoc|ARM.Deploy.0 = Release|Any CPU
		{22369799-BFCE-4942-96C4-57EE8A13A6EC}.Ad-Hoc|iPhone.ActiveCfg = Release|Any CPU
		{22369799-BFCE-4942-96C4-57EE8A13A6EC}.Ad-Hoc|iPhone.Build.0 = Release|Any CPU
		{22369799-BFCE-4942-96C4-57EE8A13A6EC}.Ad-Hoc|iPhone.Deploy.0 = Release|Any CPU
		{22369799-BFCE-4942-96C4-57EE8A13A6EC}.Ad-Hoc|iPhoneSimulator.ActiveCfg = Release|Any CPU
		{22369799-BFCE-4942-96C4-57EE8A13A6EC}.Ad-Hoc|iPhoneSimulator.Build.0 = Release|Any CPU
		{22369799-BFCE-4942-96C4-57EE8A13A6EC}.Ad-Hoc|iPhoneSimulator.Deploy.0 = Release|Any CPU
		{22369799-BFCE-4942-96C4-57EE8A13A6EC}.Ad-Hoc|x64.ActiveCfg = Release|Any CPU
		{22369799-BFCE-4942-96C4-57EE8A13A6EC}.Ad-Hoc|x64.Build.0 = Release|Any CPU
		{22369799-BFCE-4942-96C4-57EE8A13A6EC}.Ad-Hoc|x64.Deploy.0 = Release|Any CPU
		{22369799-BFCE-4942-96C4-57EE8A13A6EC}.Ad-Hoc|x86.ActiveCfg = Release|Any CPU
		{22369799-BFCE-4942-96C4-57EE8A13A6EC}.Ad-Hoc|x86.Build.0 = Release|Any CPU
		{22369799-BFCE-4942-96C4-57EE8A13A6EC}.Ad-Hoc|x86.Deploy.0 = Release|Any CPU
		{22369799-BFCE-4942-96C4-57EE8A13A6EC}.AppStore|Any CPU.ActiveCfg = Release|Any CPU
		{22369799-BFCE-4942-96C4-57EE8A13A6EC}.AppStore|Any CPU.Build.0 = Release|Any CPU
		{22369799-BFCE-4942-96C4-57EE8A13A6EC}.AppStore|Any CPU.Deploy.0 = Release|Any CPU
		{22369799-BFCE-4942-96C4-57EE8A13A6EC}.AppStore|ARM.ActiveCfg = Release|Any CPU
		{22369799-BFCE-4942-96C4-57EE8A13A6EC}.AppStore|ARM.Build.0 = Release|Any CPU
		{22369799-BFCE-4942-96C4-57EE8A13A6EC}.AppStore|ARM.Deploy.0 = Release|Any CPU
		{22369799-BFCE-4942-96C4-57EE8A13A6EC}.AppStore|iPhone.ActiveCfg = Release|Any CPU
		{22369799-BFCE-4942-96C4-57EE8A13A6EC}.AppStore|iPhone.Build.0 = Release|Any CPU
		{22369799-BFCE-4942-96C4-57EE8A13A6EC}.AppStore|iPhone.Deploy.0 = Release|Any CPU
		{22369799-BFCE-4942-96C4-57EE8A13A6EC}.AppStore|iPhoneSimulator.ActiveCfg = Release|Any CPU
		{22369799-BFCE-4942-96C4-57EE8A13A6EC}.AppStore|iPhoneSimulator.Build.0 = Release|Any CPU
		{22369799-BFCE-4942-96C4-57EE8A13A6EC}.AppStore|iPhoneSimulator.Deploy.0 = Release|Any CPU
		{22369799-BFCE-4942-96C4-57EE8A13A6EC}.AppStore|x64.ActiveCfg = Release|Any CPU
		{22369799-BFCE-4942-96C4-57EE8A13A6EC}.AppStore|x64.Build.0 = Release|Any CPU
		{22369799-BFCE-4942-96C4-57EE8A13A6EC}.AppStore|x64.Deploy.0 = Release|Any CPU
		{22369799-BFCE-4942-96C4-57EE8A13A6EC}.AppStore|x86.ActiveCfg = Release|Any CPU
		{22369799-BFCE-4942-96C4-57EE8A13A6EC}.AppStore|x86.Build.0 = Release|Any CPU
		{22369799-BFCE-4942-96C4-57EE8A13A6EC}.AppStore|x86.Deploy.0 = Release|Any CPU
		{22369799-BFCE-4942-96C4-57EE8A13A6EC}.Debug|Any CPU.ActiveCfg = Debug|Any CPU
		{22369799-BFCE-4942-96C4-57EE8A13A6EC}.Debug|Any CPU.Build.0 = Debug|Any CPU
		{22369799-BFCE-4942-96C4-57EE8A13A6EC}.Debug|Any CPU.Deploy.0 = Debug|Any CPU
		{22369799-BFCE-4942-96C4-57EE8A13A6EC}.Debug|ARM.ActiveCfg = Debug|Any CPU
		{22369799-BFCE-4942-96C4-57EE8A13A6EC}.Debug|ARM.Build.0 = Debug|Any CPU
		{22369799-BFCE-4942-96C4-57EE8A13A6EC}.Debug|ARM.Deploy.0 = Debug|Any CPU
		{22369799-BFCE-4942-96C4-57EE8A13A6EC}.Debug|iPhone.ActiveCfg = Debug|Any CPU
		{22369799-BFCE-4942-96C4-57EE8A13A6EC}.Debug|iPhone.Build.0 = Debug|Any CPU
		{22369799-BFCE-4942-96C4-57EE8A13A6EC}.Debug|iPhone.Deploy.0 = Debug|Any CPU
		{22369799-BFCE-4942-96C4-57EE8A13A6EC}.Debug|iPhoneSimulator.ActiveCfg = Debug|Any CPU
		{22369799-BFCE-4942-96C4-57EE8A13A6EC}.Debug|iPhoneSimulator.Build.0 = Debug|Any CPU
		{22369799-BFCE-4942-96C4-57EE8A13A6EC}.Debug|iPhoneSimulator.Deploy.0 = Debug|Any CPU
		{22369799-BFCE-4942-96C4-57EE8A13A6EC}.Debug|x64.ActiveCfg = Debug|Any CPU
		{22369799-BFCE-4942-96C4-57EE8A13A6EC}.Debug|x64.Build.0 = Debug|Any CPU
		{22369799-BFCE-4942-96C4-57EE8A13A6EC}.Debug|x64.Deploy.0 = Debug|Any CPU
		{22369799-BFCE-4942-96C4-57EE8A13A6EC}.Debug|x86.ActiveCfg = Debug|Any CPU
		{22369799-BFCE-4942-96C4-57EE8A13A6EC}.Debug|x86.Build.0 = Debug|Any CPU
		{22369799-BFCE-4942-96C4-57EE8A13A6EC}.Debug|x86.Deploy.0 = Debug|Any CPU
		{22369799-BFCE-4942-96C4-57EE8A13A6EC}.Release|Any CPU.ActiveCfg = Release|Any CPU
		{22369799-BFCE-4942-96C4-57EE8A13A6EC}.Release|Any CPU.Build.0 = Release|Any CPU
		{22369799-BFCE-4942-96C4-57EE8A13A6EC}.Release|Any CPU.Deploy.0 = Release|Any CPU
		{22369799-BFCE-4942-96C4-57EE8A13A6EC}.Release|ARM.ActiveCfg = Release|Any CPU
		{22369799-BFCE-4942-96C4-57EE8A13A6EC}.Release|ARM.Build.0 = Release|Any CPU
		{22369799-BFCE-4942-96C4-57EE8A13A6EC}.Release|ARM.Deploy.0 = Release|Any CPU
		{22369799-BFCE-4942-96C4-57EE8A13A6EC}.Release|iPhone.ActiveCfg = Release|Any CPU
		{22369799-BFCE-4942-96C4-57EE8A13A6EC}.Release|iPhone.Build.0 = Release|Any CPU
		{22369799-BFCE-4942-96C4-57EE8A13A6EC}.Release|iPhone.Deploy.0 = Release|Any CPU
		{22369799-BFCE-4942-96C4-57EE8A13A6EC}.Release|iPhoneSimulator.ActiveCfg = Release|Any CPU
		{22369799-BFCE-4942-96C4-57EE8A13A6EC}.Release|iPhoneSimulator.Build.0 = Release|Any CPU
		{22369799-BFCE-4942-96C4-57EE8A13A6EC}.Release|iPhoneSimulator.Deploy.0 = Release|Any CPU
		{22369799-BFCE-4942-96C4-57EE8A13A6EC}.Release|x64.ActiveCfg = Release|Any CPU
		{22369799-BFCE-4942-96C4-57EE8A13A6EC}.Release|x64.Build.0 = Release|Any CPU
		{22369799-BFCE-4942-96C4-57EE8A13A6EC}.Release|x64.Deploy.0 = Release|Any CPU
		{22369799-BFCE-4942-96C4-57EE8A13A6EC}.Release|x86.ActiveCfg = Release|Any CPU
		{22369799-BFCE-4942-96C4-57EE8A13A6EC}.Release|x86.Build.0 = Release|Any CPU
		{22369799-BFCE-4942-96C4-57EE8A13A6EC}.Release|x86.Deploy.0 = Release|Any CPU
		{0C8AB714-B456-4D3A-8E2B-B40574D46F93}.Ad-Hoc|Any CPU.ActiveCfg = Ad-Hoc|iPhone
		{0C8AB714-B456-4D3A-8E2B-B40574D46F93}.Ad-Hoc|ARM.ActiveCfg = Ad-Hoc|iPhone
		{0C8AB714-B456-4D3A-8E2B-B40574D46F93}.Ad-Hoc|iPhone.ActiveCfg = Ad-Hoc|iPhone
		{0C8AB714-B456-4D3A-8E2B-B40574D46F93}.Ad-Hoc|iPhone.Build.0 = Ad-Hoc|iPhone
		{0C8AB714-B456-4D3A-8E2B-B40574D46F93}.Ad-Hoc|iPhoneSimulator.ActiveCfg = Ad-Hoc|iPhoneSimulator
		{0C8AB714-B456-4D3A-8E2B-B40574D46F93}.Ad-Hoc|iPhoneSimulator.Build.0 = Ad-Hoc|iPhoneSimulator
		{0C8AB714-B456-4D3A-8E2B-B40574D46F93}.Ad-Hoc|x64.ActiveCfg = Ad-Hoc|iPhone
		{0C8AB714-B456-4D3A-8E2B-B40574D46F93}.Ad-Hoc|x86.ActiveCfg = Ad-Hoc|iPhone
		{0C8AB714-B456-4D3A-8E2B-B40574D46F93}.AppStore|Any CPU.ActiveCfg = AppStore|iPhone
		{0C8AB714-B456-4D3A-8E2B-B40574D46F93}.AppStore|ARM.ActiveCfg = AppStore|iPhone
		{0C8AB714-B456-4D3A-8E2B-B40574D46F93}.AppStore|iPhone.ActiveCfg = AppStore|iPhone
		{0C8AB714-B456-4D3A-8E2B-B40574D46F93}.AppStore|iPhone.Build.0 = AppStore|iPhone
		{0C8AB714-B456-4D3A-8E2B-B40574D46F93}.AppStore|iPhoneSimulator.ActiveCfg = AppStore|iPhoneSimulator
		{0C8AB714-B456-4D3A-8E2B-B40574D46F93}.AppStore|iPhoneSimulator.Build.0 = AppStore|iPhoneSimulator
		{0C8AB714-B456-4D3A-8E2B-B40574D46F93}.AppStore|x64.ActiveCfg = AppStore|iPhone
		{0C8AB714-B456-4D3A-8E2B-B40574D46F93}.AppStore|x86.ActiveCfg = AppStore|iPhone
		{0C8AB714-B456-4D3A-8E2B-B40574D46F93}.Debug|Any CPU.ActiveCfg = Debug|iPhone
		{0C8AB714-B456-4D3A-8E2B-B40574D46F93}.Debug|ARM.ActiveCfg = Debug|iPhone
		{0C8AB714-B456-4D3A-8E2B-B40574D46F93}.Debug|iPhone.ActiveCfg = Debug|iPhone
		{0C8AB714-B456-4D3A-8E2B-B40574D46F93}.Debug|iPhone.Build.0 = Debug|iPhone
		{0C8AB714-B456-4D3A-8E2B-B40574D46F93}.Debug|iPhoneSimulator.ActiveCfg = Debug|iPhoneSimulator
		{0C8AB714-B456-4D3A-8E2B-B40574D46F93}.Debug|iPhoneSimulator.Build.0 = Debug|iPhoneSimulator
		{0C8AB714-B456-4D3A-8E2B-B40574D46F93}.Debug|x64.ActiveCfg = Debug|iPhone
		{0C8AB714-B456-4D3A-8E2B-B40574D46F93}.Debug|x86.ActiveCfg = Debug|iPhone
		{0C8AB714-B456-4D3A-8E2B-B40574D46F93}.Release|Any CPU.ActiveCfg = Release|iPhone
		{0C8AB714-B456-4D3A-8E2B-B40574D46F93}.Release|ARM.ActiveCfg = Release|iPhone
		{0C8AB714-B456-4D3A-8E2B-B40574D46F93}.Release|iPhone.ActiveCfg = Release|iPhone
		{0C8AB714-B456-4D3A-8E2B-B40574D46F93}.Release|iPhone.Build.0 = Release|iPhone
		{0C8AB714-B456-4D3A-8E2B-B40574D46F93}.Release|iPhoneSimulator.ActiveCfg = Release|iPhoneSimulator
		{0C8AB714-B456-4D3A-8E2B-B40574D46F93}.Release|iPhoneSimulator.Build.0 = Release|iPhoneSimulator
		{0C8AB714-B456-4D3A-8E2B-B40574D46F93}.Release|x64.ActiveCfg = Release|iPhone
		{0C8AB714-B456-4D3A-8E2B-B40574D46F93}.Release|x86.ActiveCfg = Release|iPhone
		{057BF915-A886-4CDF-9B56-A22D36BEACBE}.Ad-Hoc|Any CPU.ActiveCfg = Release|x86
		{057BF915-A886-4CDF-9B56-A22D36BEACBE}.Ad-Hoc|Any CPU.Build.0 = Release|x86
		{057BF915-A886-4CDF-9B56-A22D36BEACBE}.Ad-Hoc|Any CPU.Deploy.0 = Release|x86
		{057BF915-A886-4CDF-9B56-A22D36BEACBE}.Ad-Hoc|ARM.ActiveCfg = Release|ARM
		{057BF915-A886-4CDF-9B56-A22D36BEACBE}.Ad-Hoc|ARM.Build.0 = Release|ARM
		{057BF915-A886-4CDF-9B56-A22D36BEACBE}.Ad-Hoc|ARM.Deploy.0 = Release|ARM
		{057BF915-A886-4CDF-9B56-A22D36BEACBE}.Ad-Hoc|iPhone.ActiveCfg = Release|x86
		{057BF915-A886-4CDF-9B56-A22D36BEACBE}.Ad-Hoc|iPhone.Build.0 = Release|x86
		{057BF915-A886-4CDF-9B56-A22D36BEACBE}.Ad-Hoc|iPhone.Deploy.0 = Release|x86
		{057BF915-A886-4CDF-9B56-A22D36BEACBE}.Ad-Hoc|iPhoneSimulator.ActiveCfg = Release|x86
		{057BF915-A886-4CDF-9B56-A22D36BEACBE}.Ad-Hoc|iPhoneSimulator.Build.0 = Release|x86
		{057BF915-A886-4CDF-9B56-A22D36BEACBE}.Ad-Hoc|iPhoneSimulator.Deploy.0 = Release|x86
		{057BF915-A886-4CDF-9B56-A22D36BEACBE}.Ad-Hoc|x64.ActiveCfg = Release|x64
		{057BF915-A886-4CDF-9B56-A22D36BEACBE}.Ad-Hoc|x64.Build.0 = Release|x64
		{057BF915-A886-4CDF-9B56-A22D36BEACBE}.Ad-Hoc|x64.Deploy.0 = Release|x64
		{057BF915-A886-4CDF-9B56-A22D36BEACBE}.Ad-Hoc|x86.ActiveCfg = Release|x86
		{057BF915-A886-4CDF-9B56-A22D36BEACBE}.Ad-Hoc|x86.Build.0 = Release|x86
		{057BF915-A886-4CDF-9B56-A22D36BEACBE}.Ad-Hoc|x86.Deploy.0 = Release|x86
		{057BF915-A886-4CDF-9B56-A22D36BEACBE}.AppStore|Any CPU.ActiveCfg = Release|x86
		{057BF915-A886-4CDF-9B56-A22D36BEACBE}.AppStore|Any CPU.Build.0 = Release|x86
		{057BF915-A886-4CDF-9B56-A22D36BEACBE}.AppStore|Any CPU.Deploy.0 = Release|x86
		{057BF915-A886-4CDF-9B56-A22D36BEACBE}.AppStore|ARM.ActiveCfg = Release|ARM
		{057BF915-A886-4CDF-9B56-A22D36BEACBE}.AppStore|ARM.Build.0 = Release|ARM
		{057BF915-A886-4CDF-9B56-A22D36BEACBE}.AppStore|ARM.Deploy.0 = Release|ARM
		{057BF915-A886-4CDF-9B56-A22D36BEACBE}.AppStore|iPhone.ActiveCfg = Release|x86
		{057BF915-A886-4CDF-9B56-A22D36BEACBE}.AppStore|iPhone.Build.0 = Release|x86
		{057BF915-A886-4CDF-9B56-A22D36BEACBE}.AppStore|iPhone.Deploy.0 = Release|x86
		{057BF915-A886-4CDF-9B56-A22D36BEACBE}.AppStore|iPhoneSimulator.ActiveCfg = Release|x86
		{057BF915-A886-4CDF-9B56-A22D36BEACBE}.AppStore|iPhoneSimulator.Build.0 = Release|x86
		{057BF915-A886-4CDF-9B56-A22D36BEACBE}.AppStore|iPhoneSimulator.Deploy.0 = Release|x86
		{057BF915-A886-4CDF-9B56-A22D36BEACBE}.AppStore|x64.ActiveCfg = Release|x64
		{057BF915-A886-4CDF-9B56-A22D36BEACBE}.AppStore|x64.Build.0 = Release|x64
		{057BF915-A886-4CDF-9B56-A22D36BEACBE}.AppStore|x64.Deploy.0 = Release|x64
		{057BF915-A886-4CDF-9B56-A22D36BEACBE}.AppStore|x86.ActiveCfg = Release|x86
		{057BF915-A886-4CDF-9B56-A22D36BEACBE}.AppStore|x86.Build.0 = Release|x86
		{057BF915-A886-4CDF-9B56-A22D36BEACBE}.AppStore|x86.Deploy.0 = Release|x86
		{057BF915-A886-4CDF-9B56-A22D36BEACBE}.Debug|Any CPU.ActiveCfg = Debug|x86
		{057BF915-A886-4CDF-9B56-A22D36BEACBE}.Debug|ARM.ActiveCfg = Debug|ARM
		{057BF915-A886-4CDF-9B56-A22D36BEACBE}.Debug|ARM.Build.0 = Debug|ARM
		{057BF915-A886-4CDF-9B56-A22D36BEACBE}.Debug|ARM.Deploy.0 = Debug|ARM
		{057BF915-A886-4CDF-9B56-A22D36BEACBE}.Debug|iPhone.ActiveCfg = Debug|x86
		{057BF915-A886-4CDF-9B56-A22D36BEACBE}.Debug|iPhoneSimulator.ActiveCfg = Debug|x86
		{057BF915-A886-4CDF-9B56-A22D36BEACBE}.Debug|x64.ActiveCfg = Debug|x64
		{057BF915-A886-4CDF-9B56-A22D36BEACBE}.Debug|x64.Build.0 = Debug|x64
		{057BF915-A886-4CDF-9B56-A22D36BEACBE}.Debug|x64.Deploy.0 = Debug|x64
		{057BF915-A886-4CDF-9B56-A22D36BEACBE}.Debug|x86.ActiveCfg = Debug|x86
		{057BF915-A886-4CDF-9B56-A22D36BEACBE}.Debug|x86.Build.0 = Debug|x86
		{057BF915-A886-4CDF-9B56-A22D36BEACBE}.Debug|x86.Deploy.0 = Debug|x86
		{057BF915-A886-4CDF-9B56-A22D36BEACBE}.Release|Any CPU.ActiveCfg = Release|x86
		{057BF915-A886-4CDF-9B56-A22D36BEACBE}.Release|ARM.ActiveCfg = Release|ARM
		{057BF915-A886-4CDF-9B56-A22D36BEACBE}.Release|ARM.Build.0 = Release|ARM
		{057BF915-A886-4CDF-9B56-A22D36BEACBE}.Release|ARM.Deploy.0 = Release|ARM
		{057BF915-A886-4CDF-9B56-A22D36BEACBE}.Release|iPhone.ActiveCfg = Release|x86
		{057BF915-A886-4CDF-9B56-A22D36BEACBE}.Release|iPhoneSimulator.ActiveCfg = Release|x86
		{057BF915-A886-4CDF-9B56-A22D36BEACBE}.Release|x64.ActiveCfg = Release|x64
		{057BF915-A886-4CDF-9B56-A22D36BEACBE}.Release|x64.Build.0 = Release|x64
		{057BF915-A886-4CDF-9B56-A22D36BEACBE}.Release|x64.Deploy.0 = Release|x64
		{057BF915-A886-4CDF-9B56-A22D36BEACBE}.Release|x86.ActiveCfg = Release|x86
		{057BF915-A886-4CDF-9B56-A22D36BEACBE}.Release|x86.Build.0 = Release|x86
		{057BF915-A886-4CDF-9B56-A22D36BEACBE}.Release|x86.Deploy.0 = Release|x86
		{CD4670E2-E040-4EED-BCE4-62B8F4FA05C7}.Ad-Hoc|Any CPU.ActiveCfg = Debug|Any CPU
		{CD4670E2-E040-4EED-BCE4-62B8F4FA05C7}.Ad-Hoc|Any CPU.Build.0 = Debug|Any CPU
		{CD4670E2-E040-4EED-BCE4-62B8F4FA05C7}.Ad-Hoc|ARM.ActiveCfg = Debug|Any CPU
		{CD4670E2-E040-4EED-BCE4-62B8F4FA05C7}.Ad-Hoc|ARM.Build.0 = Debug|Any CPU
		{CD4670E2-E040-4EED-BCE4-62B8F4FA05C7}.Ad-Hoc|iPhone.ActiveCfg = Debug|Any CPU
		{CD4670E2-E040-4EED-BCE4-62B8F4FA05C7}.Ad-Hoc|iPhone.Build.0 = Debug|Any CPU
		{CD4670E2-E040-4EED-BCE4-62B8F4FA05C7}.Ad-Hoc|iPhoneSimulator.ActiveCfg = Debug|Any CPU
		{CD4670E2-E040-4EED-BCE4-62B8F4FA05C7}.Ad-Hoc|iPhoneSimulator.Build.0 = Debug|Any CPU
		{CD4670E2-E040-4EED-BCE4-62B8F4FA05C7}.Ad-Hoc|x64.ActiveCfg = Debug|Any CPU
		{CD4670E2-E040-4EED-BCE4-62B8F4FA05C7}.Ad-Hoc|x64.Build.0 = Debug|Any CPU
		{CD4670E2-E040-4EED-BCE4-62B8F4FA05C7}.Ad-Hoc|x86.ActiveCfg = Debug|Any CPU
		{CD4670E2-E040-4EED-BCE4-62B8F4FA05C7}.Ad-Hoc|x86.Build.0 = Debug|Any CPU
		{CD4670E2-E040-4EED-BCE4-62B8F4FA05C7}.AppStore|Any CPU.ActiveCfg = Debug|Any CPU
		{CD4670E2-E040-4EED-BCE4-62B8F4FA05C7}.AppStore|Any CPU.Build.0 = Debug|Any CPU
		{CD4670E2-E040-4EED-BCE4-62B8F4FA05C7}.AppStore|ARM.ActiveCfg = Debug|Any CPU
		{CD4670E2-E040-4EED-BCE4-62B8F4FA05C7}.AppStore|ARM.Build.0 = Debug|Any CPU
		{CD4670E2-E040-4EED-BCE4-62B8F4FA05C7}.AppStore|iPhone.ActiveCfg = Debug|Any CPU
		{CD4670E2-E040-4EED-BCE4-62B8F4FA05C7}.AppStore|iPhone.Build.0 = Debug|Any CPU
		{CD4670E2-E040-4EED-BCE4-62B8F4FA05C7}.AppStore|iPhoneSimulator.ActiveCfg = Debug|Any CPU
		{CD4670E2-E040-4EED-BCE4-62B8F4FA05C7}.AppStore|iPhoneSimulator.Build.0 = Debug|Any CPU
		{CD4670E2-E040-4EED-BCE4-62B8F4FA05C7}.AppStore|x64.ActiveCfg = Debug|Any CPU
		{CD4670E2-E040-4EED-BCE4-62B8F4FA05C7}.AppStore|x64.Build.0 = Debug|Any CPU
		{CD4670E2-E040-4EED-BCE4-62B8F4FA05C7}.AppStore|x86.ActiveCfg = Debug|Any CPU
		{CD4670E2-E040-4EED-BCE4-62B8F4FA05C7}.AppStore|x86.Build.0 = Debug|Any CPU
		{CD4670E2-E040-4EED-BCE4-62B8F4FA05C7}.Debug|Any CPU.ActiveCfg = Debug|Any CPU
		{CD4670E2-E040-4EED-BCE4-62B8F4FA05C7}.Debug|Any CPU.Build.0 = Debug|Any CPU
		{CD4670E2-E040-4EED-BCE4-62B8F4FA05C7}.Debug|ARM.ActiveCfg = Debug|Any CPU
		{CD4670E2-E040-4EED-BCE4-62B8F4FA05C7}.Debug|ARM.Build.0 = Debug|Any CPU
		{CD4670E2-E040-4EED-BCE4-62B8F4FA05C7}.Debug|iPhone.ActiveCfg = Debug|Any CPU
		{CD4670E2-E040-4EED-BCE4-62B8F4FA05C7}.Debug|iPhone.Build.0 = Debug|Any CPU
		{CD4670E2-E040-4EED-BCE4-62B8F4FA05C7}.Debug|iPhoneSimulator.ActiveCfg = Debug|Any CPU
		{CD4670E2-E040-4EED-BCE4-62B8F4FA05C7}.Debug|iPhoneSimulator.Build.0 = Debug|Any CPU
		{CD4670E2-E040-4EED-BCE4-62B8F4FA05C7}.Debug|x64.ActiveCfg = Debug|Any CPU
		{CD4670E2-E040-4EED-BCE4-62B8F4FA05C7}.Debug|x64.Build.0 = Debug|Any CPU
		{CD4670E2-E040-4EED-BCE4-62B8F4FA05C7}.Debug|x86.ActiveCfg = Debug|Any CPU
		{CD4670E2-E040-4EED-BCE4-62B8F4FA05C7}.Debug|x86.Build.0 = Debug|Any CPU
		{CD4670E2-E040-4EED-BCE4-62B8F4FA05C7}.Release|Any CPU.ActiveCfg = Release|Any CPU
		{CD4670E2-E040-4EED-BCE4-62B8F4FA05C7}.Release|Any CPU.Build.0 = Release|Any CPU
		{CD4670E2-E040-4EED-BCE4-62B8F4FA05C7}.Release|ARM.ActiveCfg = Release|Any CPU
		{CD4670E2-E040-4EED-BCE4-62B8F4FA05C7}.Release|ARM.Build.0 = Release|Any CPU
		{CD4670E2-E040-4EED-BCE4-62B8F4FA05C7}.Release|iPhone.ActiveCfg = Release|Any CPU
		{CD4670E2-E040-4EED-BCE4-62B8F4FA05C7}.Release|iPhone.Build.0 = Release|Any CPU
		{CD4670E2-E040-4EED-BCE4-62B8F4FA05C7}.Release|iPhoneSimulator.ActiveCfg = Release|Any CPU
		{CD4670E2-E040-4EED-BCE4-62B8F4FA05C7}.Release|iPhoneSimulator.Build.0 = Release|Any CPU
		{CD4670E2-E040-4EED-BCE4-62B8F4FA05C7}.Release|x64.ActiveCfg = Release|Any CPU
		{CD4670E2-E040-4EED-BCE4-62B8F4FA05C7}.Release|x64.Build.0 = Release|Any CPU
		{CD4670E2-E040-4EED-BCE4-62B8F4FA05C7}.Release|x86.ActiveCfg = Release|Any CPU
		{CD4670E2-E040-4EED-BCE4-62B8F4FA05C7}.Release|x86.Build.0 = Release|Any CPU
	EndGlobalSection
	GlobalSection(SolutionProperties) = preSolution
		HideSolutionNode = FALSE
	EndGlobalSection
	GlobalSection(ExtensibilityGlobals) = postSolution
		SolutionGuid = {07430C1F-822A-4995-8B6F-76745919E8FC}
	EndGlobalSection
EndGlobal
